// !$*UTF8*$!
{
	archiveVersion = 1;
	classes = {
	};
	objectVersion = 50;
	objects = {

/* Begin PBXBuildFile section */
		822629E5214401030047692C /* VolumioClient.swift in Sources */ = {isa = PBXBuildFile; fileRef = 822629E4214401030047692C /* VolumioClient.swift */; };
		822629EB2144017D0047692C /* Category.swift in Sources */ = {isa = PBXBuildFile; fileRef = 822629E72144017C0047692C /* Category.swift */; };
		822629EC2144017D0047692C /* Artist.swift in Sources */ = {isa = PBXBuildFile; fileRef = 822629E82144017C0047692C /* Artist.swift */; };
		822629ED2144017D0047692C /* Album.swift in Sources */ = {isa = PBXBuildFile; fileRef = 822629E92144017C0047692C /* Album.swift */; };
		822629EE2144017D0047692C /* Genre.swift in Sources */ = {isa = PBXBuildFile; fileRef = 822629EA2144017D0047692C /* Genre.swift */; };
		822629F1214401CA0047692C /* ParseHelper.swift in Sources */ = {isa = PBXBuildFile; fileRef = 822629F0214401CA0047692C /* ParseHelper.swift */; };
		822629F421454AA30047692C /* BrowseViewController.swift in Sources */ = {isa = PBXBuildFile; fileRef = 822629F321454AA30047692C /* BrowseViewController.swift */; };
		822629F821454B4F0047692C /* AlbumCoverFlowLayout.swift in Sources */ = {isa = PBXBuildFile; fileRef = 822629F621454B4E0047692C /* AlbumCoverFlowLayout.swift */; };
		822629F921454B4F0047692C /* AlbumCoverCollectionViewCell.swift in Sources */ = {isa = PBXBuildFile; fileRef = 822629F721454B4E0047692C /* AlbumCoverCollectionViewCell.swift */; };
		829688AB2143CF740063B7C4 /* AppDelegate.swift in Sources */ = {isa = PBXBuildFile; fileRef = 829688AA2143CF740063B7C4 /* AppDelegate.swift */; };
		829688AD2143CF740063B7C4 /* ViewController.swift in Sources */ = {isa = PBXBuildFile; fileRef = 829688AC2143CF740063B7C4 /* ViewController.swift */; };
		829688B02143CF740063B7C4 /* Main.storyboard in Resources */ = {isa = PBXBuildFile; fileRef = 829688AE2143CF740063B7C4 /* Main.storyboard */; };
		829688B22143CF750063B7C4 /* Assets.xcassets in Resources */ = {isa = PBXBuildFile; fileRef = 829688B12143CF750063B7C4 /* Assets.xcassets */; };
		829688B52143CF750063B7C4 /* LaunchScreen.storyboard in Resources */ = {isa = PBXBuildFile; fileRef = 829688B32143CF750063B7C4 /* LaunchScreen.storyboard */; };
		829688C02143CF750063B7C4 /* VolumioAlbumsTests.swift in Sources */ = {isa = PBXBuildFile; fileRef = 829688BF2143CF750063B7C4 /* VolumioAlbumsTests.swift */; };
		829688CB2143CF750063B7C4 /* VolumioAlbumsUITests.swift in Sources */ = {isa = PBXBuildFile; fileRef = 829688CA2143CF750063B7C4 /* VolumioAlbumsUITests.swift */; };
		8D038E392154B3C7003ECE53 /* GenreBrowseComponent.swift in Sources */ = {isa = PBXBuildFile; fileRef = 8D038E382154B3C7003ECE53 /* GenreBrowseComponent.swift */; };
		8D038E3C2154B82C003ECE53 /* Localizable.strings in Resources */ = {isa = PBXBuildFile; fileRef = 8D038E3E2154B82C003ECE53 /* Localizable.strings */; };
		8D20FD41215D30CE000965B3 /* TrackBrowseComponent.swift in Sources */ = {isa = PBXBuildFile; fileRef = 8D20FD40215D30CE000965B3 /* TrackBrowseComponent.swift */; };
		8D75EBAF214D2CAF00E02AD2 /* AlbumBrowseComponent.swift in Sources */ = {isa = PBXBuildFile; fileRef = 8D75EBAE214D2CAF00E02AD2 /* AlbumBrowseComponent.swift */; };
		8D75EBB1214D2DB800E02AD2 /* ArtistBrowseComponent.swift in Sources */ = {isa = PBXBuildFile; fileRef = 8D75EBB0214D2DB800E02AD2 /* ArtistBrowseComponent.swift */; };
		8DC3D3D4215AC04B004AF6DA /* R.generated.swift in Sources */ = {isa = PBXBuildFile; fileRef = 8DC3D3D3215AC04B004AF6DA /* R.generated.swift */; };
		8DC3D3D6215AC431004AF6DA /* Track.swift in Sources */ = {isa = PBXBuildFile; fileRef = 8DC3D3D5215AC431004AF6DA /* Track.swift */; };
		8DD6EBA92146C52400B52069 /* CollectionViewCellHelper.swift in Sources */ = {isa = PBXBuildFile; fileRef = 8DD6EBA82146C52400B52069 /* CollectionViewCellHelper.swift */; };
		8DD6EBAB2146C53B00B52069 /* BaseCollectionViewCell.swift in Sources */ = {isa = PBXBuildFile; fileRef = 8DD6EBAA2146C53B00B52069 /* BaseCollectionViewCell.swift */; };
		8DD6EBAD2148D9B700B52069 /* BrowseComponent.swift in Sources */ = {isa = PBXBuildFile; fileRef = 8DD6EBAC2148D9B700B52069 /* BrowseComponent.swift */; };
		D0FE0D662672D36A40637624 /* Pods_VolumioAlbums.framework in Frameworks */ = {isa = PBXBuildFile; fileRef = 9842ACEF4340F71C62D95F62 /* Pods_VolumioAlbums.framework */; };
/* End PBXBuildFile section */

/* Begin PBXContainerItemProxy section */
		829688BC2143CF750063B7C4 /* PBXContainerItemProxy */ = {
			isa = PBXContainerItemProxy;
			containerPortal = 8296889F2143CF740063B7C4 /* Project object */;
			proxyType = 1;
			remoteGlobalIDString = 829688A62143CF740063B7C4;
			remoteInfo = VolumioAlbums;
		};
		829688C72143CF750063B7C4 /* PBXContainerItemProxy */ = {
			isa = PBXContainerItemProxy;
			containerPortal = 8296889F2143CF740063B7C4 /* Project object */;
			proxyType = 1;
			remoteGlobalIDString = 829688A62143CF740063B7C4;
			remoteInfo = VolumioAlbums;
		};
/* End PBXContainerItemProxy section */

/* Begin PBXFileReference section */
		822629E4214401030047692C /* VolumioClient.swift */ = {isa = PBXFileReference; fileEncoding = 4; lastKnownFileType = sourcecode.swift; path = VolumioClient.swift; sourceTree = "<group>"; };
		822629E72144017C0047692C /* Category.swift */ = {isa = PBXFileReference; fileEncoding = 4; lastKnownFileType = sourcecode.swift; path = Category.swift; sourceTree = "<group>"; };
		822629E82144017C0047692C /* Artist.swift */ = {isa = PBXFileReference; fileEncoding = 4; lastKnownFileType = sourcecode.swift; path = Artist.swift; sourceTree = "<group>"; };
		822629E92144017C0047692C /* Album.swift */ = {isa = PBXFileReference; fileEncoding = 4; lastKnownFileType = sourcecode.swift; path = Album.swift; sourceTree = "<group>"; };
		822629EA2144017D0047692C /* Genre.swift */ = {isa = PBXFileReference; fileEncoding = 4; lastKnownFileType = sourcecode.swift; path = Genre.swift; sourceTree = "<group>"; };
		822629F0214401CA0047692C /* ParseHelper.swift */ = {isa = PBXFileReference; fileEncoding = 4; lastKnownFileType = sourcecode.swift; path = ParseHelper.swift; sourceTree = "<group>"; };
		822629F321454AA30047692C /* BrowseViewController.swift */ = {isa = PBXFileReference; fileEncoding = 4; lastKnownFileType = sourcecode.swift; path = BrowseViewController.swift; sourceTree = "<group>"; };
		822629F621454B4E0047692C /* AlbumCoverFlowLayout.swift */ = {isa = PBXFileReference; fileEncoding = 4; lastKnownFileType = sourcecode.swift; path = AlbumCoverFlowLayout.swift; sourceTree = "<group>"; };
		822629F721454B4E0047692C /* AlbumCoverCollectionViewCell.swift */ = {isa = PBXFileReference; fileEncoding = 4; lastKnownFileType = sourcecode.swift; path = AlbumCoverCollectionViewCell.swift; sourceTree = "<group>"; };
		829688A72143CF740063B7C4 /* VolumioAlbums.app */ = {isa = PBXFileReference; explicitFileType = wrapper.application; includeInIndex = 0; path = VolumioAlbums.app; sourceTree = BUILT_PRODUCTS_DIR; };
		829688AA2143CF740063B7C4 /* AppDelegate.swift */ = {isa = PBXFileReference; lastKnownFileType = sourcecode.swift; path = AppDelegate.swift; sourceTree = "<group>"; };
		829688AC2143CF740063B7C4 /* ViewController.swift */ = {isa = PBXFileReference; lastKnownFileType = sourcecode.swift; path = ViewController.swift; sourceTree = "<group>"; };
		829688AF2143CF740063B7C4 /* Base */ = {isa = PBXFileReference; lastKnownFileType = file.storyboard; name = Base; path = Base.lproj/Main.storyboard; sourceTree = "<group>"; };
		829688B12143CF750063B7C4 /* Assets.xcassets */ = {isa = PBXFileReference; lastKnownFileType = folder.assetcatalog; path = Assets.xcassets; sourceTree = "<group>"; };
		829688B42143CF750063B7C4 /* Base */ = {isa = PBXFileReference; lastKnownFileType = file.storyboard; name = Base; path = Base.lproj/LaunchScreen.storyboard; sourceTree = "<group>"; };
		829688B62143CF750063B7C4 /* Info.plist */ = {isa = PBXFileReference; lastKnownFileType = text.plist.xml; path = Info.plist; sourceTree = "<group>"; };
		829688BB2143CF750063B7C4 /* VolumioAlbumsTests.xctest */ = {isa = PBXFileReference; explicitFileType = wrapper.cfbundle; includeInIndex = 0; path = VolumioAlbumsTests.xctest; sourceTree = BUILT_PRODUCTS_DIR; };
		829688BF2143CF750063B7C4 /* VolumioAlbumsTests.swift */ = {isa = PBXFileReference; lastKnownFileType = sourcecode.swift; path = VolumioAlbumsTests.swift; sourceTree = "<group>"; };
		829688C12143CF750063B7C4 /* Info.plist */ = {isa = PBXFileReference; lastKnownFileType = text.plist.xml; path = Info.plist; sourceTree = "<group>"; };
		829688C62143CF750063B7C4 /* VolumioAlbumsUITests.xctest */ = {isa = PBXFileReference; explicitFileType = wrapper.cfbundle; includeInIndex = 0; path = VolumioAlbumsUITests.xctest; sourceTree = BUILT_PRODUCTS_DIR; };
		829688CA2143CF750063B7C4 /* VolumioAlbumsUITests.swift */ = {isa = PBXFileReference; lastKnownFileType = sourcecode.swift; path = VolumioAlbumsUITests.swift; sourceTree = "<group>"; };
		829688CC2143CF750063B7C4 /* Info.plist */ = {isa = PBXFileReference; lastKnownFileType = text.plist.xml; path = Info.plist; sourceTree = "<group>"; };
		8D038E382154B3C7003ECE53 /* GenreBrowseComponent.swift */ = {isa = PBXFileReference; lastKnownFileType = sourcecode.swift; path = GenreBrowseComponent.swift; sourceTree = "<group>"; };
		8D038E3D2154B82C003ECE53 /* en */ = {isa = PBXFileReference; lastKnownFileType = text.plist.strings; name = en; path = en.lproj/Localizable.strings; sourceTree = "<group>"; };
		8D20FD40215D30CE000965B3 /* TrackBrowseComponent.swift */ = {isa = PBXFileReference; lastKnownFileType = sourcecode.swift; path = TrackBrowseComponent.swift; sourceTree = "<group>"; };
		8D75EBAE214D2CAF00E02AD2 /* AlbumBrowseComponent.swift */ = {isa = PBXFileReference; lastKnownFileType = sourcecode.swift; path = AlbumBrowseComponent.swift; sourceTree = "<group>"; };
		8D75EBB0214D2DB800E02AD2 /* ArtistBrowseComponent.swift */ = {isa = PBXFileReference; lastKnownFileType = sourcecode.swift; path = ArtistBrowseComponent.swift; sourceTree = "<group>"; };
		8DC3D3D3215AC04B004AF6DA /* R.generated.swift */ = {isa = PBXFileReference; fileEncoding = 4; lastKnownFileType = sourcecode.swift; path = R.generated.swift; sourceTree = SOURCE_ROOT; };
		8DC3D3D5215AC431004AF6DA /* Track.swift */ = {isa = PBXFileReference; lastKnownFileType = sourcecode.swift; path = Track.swift; sourceTree = "<group>"; };
		8DD6EBA82146C52400B52069 /* CollectionViewCellHelper.swift */ = {isa = PBXFileReference; lastKnownFileType = sourcecode.swift; path = CollectionViewCellHelper.swift; sourceTree = "<group>"; };
		8DD6EBAA2146C53B00B52069 /* BaseCollectionViewCell.swift */ = {isa = PBXFileReference; lastKnownFileType = sourcecode.swift; path = BaseCollectionViewCell.swift; sourceTree = "<group>"; };
		8DD6EBAC2148D9B700B52069 /* BrowseComponent.swift */ = {isa = PBXFileReference; lastKnownFileType = sourcecode.swift; path = BrowseComponent.swift; sourceTree = "<group>"; };
		9842ACEF4340F71C62D95F62 /* Pods_VolumioAlbums.framework */ = {isa = PBXFileReference; explicitFileType = wrapper.framework; includeInIndex = 0; path = Pods_VolumioAlbums.framework; sourceTree = BUILT_PRODUCTS_DIR; };
		C22798E25A96E31571B4D488 /* Pods-VolumioAlbums.release.xcconfig */ = {isa = PBXFileReference; includeInIndex = 1; lastKnownFileType = text.xcconfig; name = "Pods-VolumioAlbums.release.xcconfig"; path = "../Pods/Target Support Files/Pods-VolumioAlbums/Pods-VolumioAlbums.release.xcconfig"; sourceTree = "<group>"; };
		ECA65154FE5D148C811A064B /* Pods-VolumioAlbums.debug.xcconfig */ = {isa = PBXFileReference; includeInIndex = 1; lastKnownFileType = text.xcconfig; name = "Pods-VolumioAlbums.debug.xcconfig"; path = "../Pods/Target Support Files/Pods-VolumioAlbums/Pods-VolumioAlbums.debug.xcconfig"; sourceTree = "<group>"; };
/* End PBXFileReference section */

/* Begin PBXFrameworksBuildPhase section */
		829688A42143CF740063B7C4 /* Frameworks */ = {
			isa = PBXFrameworksBuildPhase;
			buildActionMask = 2147483647;
			files = (
				D0FE0D662672D36A40637624 /* Pods_VolumioAlbums.framework in Frameworks */,
			);
			runOnlyForDeploymentPostprocessing = 0;
		};
		829688B82143CF750063B7C4 /* Frameworks */ = {
			isa = PBXFrameworksBuildPhase;
			buildActionMask = 2147483647;
			files = (
			);
			runOnlyForDeploymentPostprocessing = 0;
		};
		829688C32143CF750063B7C4 /* Frameworks */ = {
			isa = PBXFrameworksBuildPhase;
			buildActionMask = 2147483647;
			files = (
			);
			runOnlyForDeploymentPostprocessing = 0;
		};
/* End PBXFrameworksBuildPhase section */

/* Begin PBXGroup section */
		15C1ACDF169A10A00C0348AA /* Pods */ = {
			isa = PBXGroup;
			children = (
				ECA65154FE5D148C811A064B /* Pods-VolumioAlbums.debug.xcconfig */,
				C22798E25A96E31571B4D488 /* Pods-VolumioAlbums.release.xcconfig */,
			);
			name = Pods;
			sourceTree = "<group>";
		};
		2E31C4842DBF7BB0610DB4CB /* Frameworks */ = {
			isa = PBXGroup;
			children = (
				9842ACEF4340F71C62D95F62 /* Pods_VolumioAlbums.framework */,
			);
			name = Frameworks;
			sourceTree = "<group>";
		};
		822629E3214400EE0047692C /* Backend */ = {
			isa = PBXGroup;
			children = (
				822629E4214401030047692C /* VolumioClient.swift */,
			);
			path = Backend;
			sourceTree = "<group>";
		};
		822629E62144016D0047692C /* Model */ = {
			isa = PBXGroup;
			children = (
				822629EF214401B80047692C /* Helpers */,
				822629E72144017C0047692C /* Category.swift */,
				822629E82144017C0047692C /* Artist.swift */,
				822629E92144017C0047692C /* Album.swift */,
				822629EA2144017D0047692C /* Genre.swift */,
				8DC3D3D5215AC431004AF6DA /* Track.swift */,
			);
			path = Model;
			sourceTree = "<group>";
		};
		822629EF214401B80047692C /* Helpers */ = {
			isa = PBXGroup;
			children = (
				822629F0214401CA0047692C /* ParseHelper.swift */,
			);
			path = Helpers;
			sourceTree = "<group>";
		};
		822629F2214401F70047692C /* View */ = {
			isa = PBXGroup;
			children = (
				822629F521454B420047692C /* CollectionView */,
				829688AE2143CF740063B7C4 /* Main.storyboard */,
				829688B32143CF750063B7C4 /* LaunchScreen.storyboard */,
				829688AC2143CF740063B7C4 /* ViewController.swift */,
				822629F321454AA30047692C /* BrowseViewController.swift */,
			);
			path = View;
			sourceTree = "<group>";
		};
		822629F521454B420047692C /* CollectionView */ = {
			isa = PBXGroup;
			children = (
				8D75EBAD214D2C7000E02AD2 /* BrowseComponents */,
				8DD6EBA82146C52400B52069 /* CollectionViewCellHelper.swift */,
				822629F621454B4E0047692C /* AlbumCoverFlowLayout.swift */,
				822629F721454B4E0047692C /* AlbumCoverCollectionViewCell.swift */,
				8DD6EBAA2146C53B00B52069 /* BaseCollectionViewCell.swift */,
			);
			path = CollectionView;
			sourceTree = "<group>";
		};
		8296889E2143CF740063B7C4 = {
			isa = PBXGroup;
			children = (
				829688A92143CF740063B7C4 /* VolumioAlbums */,
				829688BE2143CF750063B7C4 /* VolumioAlbumsTests */,
				829688C92143CF750063B7C4 /* VolumioAlbumsUITests */,
				829688A82143CF740063B7C4 /* Products */,
				15C1ACDF169A10A00C0348AA /* Pods */,
				2E31C4842DBF7BB0610DB4CB /* Frameworks */,
			);
			sourceTree = "<group>";
		};
		829688A82143CF740063B7C4 /* Products */ = {
			isa = PBXGroup;
			children = (
				829688A72143CF740063B7C4 /* VolumioAlbums.app */,
				829688BB2143CF750063B7C4 /* VolumioAlbumsTests.xctest */,
				829688C62143CF750063B7C4 /* VolumioAlbumsUITests.xctest */,
			);
			name = Products;
			sourceTree = "<group>";
		};
		829688A92143CF740063B7C4 /* VolumioAlbums */ = {
			isa = PBXGroup;
			children = (
				8DC3D3D2215AC033004AF6DA /* Assets */,
				829688AA2143CF740063B7C4 /* AppDelegate.swift */,
				829688B62143CF750063B7C4 /* Info.plist */,
				822629E62144016D0047692C /* Model */,
				822629E3214400EE0047692C /* Backend */,
				822629F2214401F70047692C /* View */,
			);
			path = VolumioAlbums;
			sourceTree = "<group>";
		};
		829688BE2143CF750063B7C4 /* VolumioAlbumsTests */ = {
			isa = PBXGroup;
			children = (
				829688BF2143CF750063B7C4 /* VolumioAlbumsTests.swift */,
				829688C12143CF750063B7C4 /* Info.plist */,
			);
			path = VolumioAlbumsTests;
			sourceTree = "<group>";
		};
		829688C92143CF750063B7C4 /* VolumioAlbumsUITests */ = {
			isa = PBXGroup;
			children = (
				829688CA2143CF750063B7C4 /* VolumioAlbumsUITests.swift */,
				829688CC2143CF750063B7C4 /* Info.plist */,
			);
			path = VolumioAlbumsUITests;
			sourceTree = "<group>";
		};
		8D75EBAD214D2C7000E02AD2 /* BrowseComponents */ = {
			isa = PBXGroup;
			children = (
				8DD6EBAC2148D9B700B52069 /* BrowseComponent.swift */,
				8D75EBAE214D2CAF00E02AD2 /* AlbumBrowseComponent.swift */,
				8D75EBB0214D2DB800E02AD2 /* ArtistBrowseComponent.swift */,
				8D038E382154B3C7003ECE53 /* GenreBrowseComponent.swift */,
				8D20FD40215D30CE000965B3 /* TrackBrowseComponent.swift */,
			);
			path = BrowseComponents;
			sourceTree = "<group>";
		};
		8DC3D3D2215AC033004AF6DA /* Assets */ = {
			isa = PBXGroup;
			children = (
				8DC3D3D3215AC04B004AF6DA /* R.generated.swift */,
				829688B12143CF750063B7C4 /* Assets.xcassets */,
				8D038E3E2154B82C003ECE53 /* Localizable.strings */,
			);
			path = Assets;
			sourceTree = "<group>";
		};
/* End PBXGroup section */

/* Begin PBXNativeTarget section */
		829688A62143CF740063B7C4 /* VolumioAlbums */ = {
			isa = PBXNativeTarget;
			buildConfigurationList = 829688CF2143CF750063B7C4 /* Build configuration list for PBXNativeTarget "VolumioAlbums" */;
			buildPhases = (
				56CBF44A1E2F36E516081FBA /* [CP] Check Pods Manifest.lock */,
				8DC3D3D1215ABFF8004AF6DA /* R.swift */,
				829688A32143CF740063B7C4 /* Sources */,
				829688A42143CF740063B7C4 /* Frameworks */,
				829688A52143CF740063B7C4 /* Resources */,
				CB480B7C997DBFCAF972FBAF /* [CP] Embed Pods Frameworks */,
			);
			buildRules = (
			);
			dependencies = (
			);
			name = VolumioAlbums;
			productName = VolumioAlbums;
			productReference = 829688A72143CF740063B7C4 /* VolumioAlbums.app */;
			productType = "com.apple.product-type.application";
		};
		829688BA2143CF750063B7C4 /* VolumioAlbumsTests */ = {
			isa = PBXNativeTarget;
			buildConfigurationList = 829688D22143CF750063B7C4 /* Build configuration list for PBXNativeTarget "VolumioAlbumsTests" */;
			buildPhases = (
				829688B72143CF750063B7C4 /* Sources */,
				829688B82143CF750063B7C4 /* Frameworks */,
				829688B92143CF750063B7C4 /* Resources */,
			);
			buildRules = (
			);
			dependencies = (
				829688BD2143CF750063B7C4 /* PBXTargetDependency */,
			);
			name = VolumioAlbumsTests;
			productName = VolumioAlbumsTests;
			productReference = 829688BB2143CF750063B7C4 /* VolumioAlbumsTests.xctest */;
			productType = "com.apple.product-type.bundle.unit-test";
		};
		829688C52143CF750063B7C4 /* VolumioAlbumsUITests */ = {
			isa = PBXNativeTarget;
			buildConfigurationList = 829688D52143CF750063B7C4 /* Build configuration list for PBXNativeTarget "VolumioAlbumsUITests" */;
			buildPhases = (
				829688C22143CF750063B7C4 /* Sources */,
				829688C32143CF750063B7C4 /* Frameworks */,
				829688C42143CF750063B7C4 /* Resources */,
			);
			buildRules = (
			);
			dependencies = (
				829688C82143CF750063B7C4 /* PBXTargetDependency */,
			);
			name = VolumioAlbumsUITests;
			productName = VolumioAlbumsUITests;
			productReference = 829688C62143CF750063B7C4 /* VolumioAlbumsUITests.xctest */;
			productType = "com.apple.product-type.bundle.ui-testing";
		};
/* End PBXNativeTarget section */

/* Begin PBXProject section */
		8296889F2143CF740063B7C4 /* Project object */ = {
			isa = PBXProject;
			attributes = {
				LastSwiftUpdateCheck = 0940;
				LastUpgradeCheck = 0940;
				ORGANIZATIONNAME = "Sebastian Cohausz";
				TargetAttributes = {
					829688A62143CF740063B7C4 = {
						CreatedOnToolsVersion = 9.4.1;
						LastSwiftMigration = 1000;
					};
					829688BA2143CF750063B7C4 = {
						CreatedOnToolsVersion = 9.4.1;
						LastSwiftMigration = 1000;
						TestTargetID = 829688A62143CF740063B7C4;
					};
					829688C52143CF750063B7C4 = {
						CreatedOnToolsVersion = 9.4.1;
						LastSwiftMigration = 1000;
						TestTargetID = 829688A62143CF740063B7C4;
					};
				};
			};
			buildConfigurationList = 829688A22143CF740063B7C4 /* Build configuration list for PBXProject "VolumioAlbums" */;
			compatibilityVersion = "Xcode 9.3";
			developmentRegion = en;
			hasScannedForEncodings = 0;
			knownRegions = (
				en,
				Base,
			);
			mainGroup = 8296889E2143CF740063B7C4;
			productRefGroup = 829688A82143CF740063B7C4 /* Products */;
			projectDirPath = "";
			projectRoot = "";
			targets = (
				829688A62143CF740063B7C4 /* VolumioAlbums */,
				829688BA2143CF750063B7C4 /* VolumioAlbumsTests */,
				829688C52143CF750063B7C4 /* VolumioAlbumsUITests */,
			);
		};
/* End PBXProject section */

/* Begin PBXResourcesBuildPhase section */
		829688A52143CF740063B7C4 /* Resources */ = {
			isa = PBXResourcesBuildPhase;
			buildActionMask = 2147483647;
			files = (
				829688B52143CF750063B7C4 /* LaunchScreen.storyboard in Resources */,
				8D038E3C2154B82C003ECE53 /* Localizable.strings in Resources */,
				829688B22143CF750063B7C4 /* Assets.xcassets in Resources */,
				829688B02143CF740063B7C4 /* Main.storyboard in Resources */,
			);
			runOnlyForDeploymentPostprocessing = 0;
		};
		829688B92143CF750063B7C4 /* Resources */ = {
			isa = PBXResourcesBuildPhase;
			buildActionMask = 2147483647;
			files = (
			);
			runOnlyForDeploymentPostprocessing = 0;
		};
		829688C42143CF750063B7C4 /* Resources */ = {
			isa = PBXResourcesBuildPhase;
			buildActionMask = 2147483647;
			files = (
			);
			runOnlyForDeploymentPostprocessing = 0;
		};
/* End PBXResourcesBuildPhase section */

/* Begin PBXShellScriptBuildPhase section */
		56CBF44A1E2F36E516081FBA /* [CP] Check Pods Manifest.lock */ = {
			isa = PBXShellScriptBuildPhase;
			buildActionMask = 2147483647;
			files = (
			);
			inputPaths = (
				"${PODS_PODFILE_DIR_PATH}/Podfile.lock",
				"${PODS_ROOT}/Manifest.lock",
			);
			name = "[CP] Check Pods Manifest.lock";
			outputPaths = (
				"$(DERIVED_FILE_DIR)/Pods-VolumioAlbums-checkManifestLockResult.txt",
			);
			runOnlyForDeploymentPostprocessing = 0;
			shellPath = /bin/sh;
			shellScript = "diff \"${PODS_PODFILE_DIR_PATH}/Podfile.lock\" \"${PODS_ROOT}/Manifest.lock\" > /dev/null\nif [ $? != 0 ] ; then\n    # print error to STDERR\n    echo \"error: The sandbox is not in sync with the Podfile.lock. Run 'pod install' or update your CocoaPods installation.\" >&2\n    exit 1\nfi\n# This output is used by Xcode 'outputs' to avoid re-running this script phase.\necho \"SUCCESS\" > \"${SCRIPT_OUTPUT_FILE_0}\"\n";
			showEnvVarsInLog = 0;
		};
		8DC3D3D1215ABFF8004AF6DA /* R.swift */ = {
			isa = PBXShellScriptBuildPhase;
			buildActionMask = 2147483647;
			files = (
			);
			inputPaths = (
			);
			name = R.swift;
			outputPaths = (
			);
			runOnlyForDeploymentPostprocessing = 0;
			shellPath = /bin/sh;
			shellScript = "\"$PODS_ROOT/R.swift/rswift\" generate \"$SRCROOT\"";
		};
		CB480B7C997DBFCAF972FBAF /* [CP] Embed Pods Frameworks */ = {
			isa = PBXShellScriptBuildPhase;
			buildActionMask = 2147483647;
			files = (
			);
			inputPaths = (
				"${SRCROOT}/../Pods/Target Support Files/Pods-VolumioAlbums/Pods-VolumioAlbums-frameworks.sh",
				"${BUILT_PRODUCTS_DIR}/R.swift.Library/Rswift.framework",
				"${BUILT_PRODUCTS_DIR}/RxCocoa/RxCocoa.framework",
				"${BUILT_PRODUCTS_DIR}/RxSwift/RxSwift.framework",
				"${BUILT_PRODUCTS_DIR}/Socket.IO-Client-Swift/SocketIO.framework",
				"${BUILT_PRODUCTS_DIR}/Starscream/Starscream.framework",
			);
			name = "[CP] Embed Pods Frameworks";
			outputPaths = (
				"${TARGET_BUILD_DIR}/${FRAMEWORKS_FOLDER_PATH}/Rswift.framework",
				"${TARGET_BUILD_DIR}/${FRAMEWORKS_FOLDER_PATH}/RxCocoa.framework",
				"${TARGET_BUILD_DIR}/${FRAMEWORKS_FOLDER_PATH}/RxSwift.framework",
				"${TARGET_BUILD_DIR}/${FRAMEWORKS_FOLDER_PATH}/SocketIO.framework",
				"${TARGET_BUILD_DIR}/${FRAMEWORKS_FOLDER_PATH}/Starscream.framework",
			);
			runOnlyForDeploymentPostprocessing = 0;
			shellPath = /bin/sh;
			shellScript = "\"${SRCROOT}/../Pods/Target Support Files/Pods-VolumioAlbums/Pods-VolumioAlbums-frameworks.sh\"\n";
			showEnvVarsInLog = 0;
		};
/* End PBXShellScriptBuildPhase section */

/* Begin PBXSourcesBuildPhase section */
		829688A32143CF740063B7C4 /* Sources */ = {
			isa = PBXSourcesBuildPhase;
			buildActionMask = 2147483647;
			files = (
				8DD6EBA92146C52400B52069 /* CollectionViewCellHelper.swift in Sources */,
				829688AD2143CF740063B7C4 /* ViewController.swift in Sources */,
				8D75EBB1214D2DB800E02AD2 /* ArtistBrowseComponent.swift in Sources */,
				8D75EBAF214D2CAF00E02AD2 /* AlbumBrowseComponent.swift in Sources */,
				822629F921454B4F0047692C /* AlbumCoverCollectionViewCell.swift in Sources */,
				822629F821454B4F0047692C /* AlbumCoverFlowLayout.swift in Sources */,
				822629E5214401030047692C /* VolumioClient.swift in Sources */,
				8D20FD41215D30CE000965B3 /* TrackBrowseComponent.swift in Sources */,
				829688AB2143CF740063B7C4 /* AppDelegate.swift in Sources */,
				822629EC2144017D0047692C /* Artist.swift in Sources */,
				822629EB2144017D0047692C /* Category.swift in Sources */,
				822629ED2144017D0047692C /* Album.swift in Sources */,
				8DC3D3D4215AC04B004AF6DA /* R.generated.swift in Sources */,
				8DD6EBAD2148D9B700B52069 /* BrowseComponent.swift in Sources */,
				822629F421454AA30047692C /* BrowseViewController.swift in Sources */,
				822629EE2144017D0047692C /* Genre.swift in Sources */,
				8D038E392154B3C7003ECE53 /* GenreBrowseComponent.swift in Sources */,
				8DD6EBAB2146C53B00B52069 /* BaseCollectionViewCell.swift in Sources */,
				8DC3D3D6215AC431004AF6DA /* Track.swift in Sources */,
				822629F1214401CA0047692C /* ParseHelper.swift in Sources */,
			);
			runOnlyForDeploymentPostprocessing = 0;
		};
		829688B72143CF750063B7C4 /* Sources */ = {
			isa = PBXSourcesBuildPhase;
			buildActionMask = 2147483647;
			files = (
				829688C02143CF750063B7C4 /* VolumioAlbumsTests.swift in Sources */,
			);
			runOnlyForDeploymentPostprocessing = 0;
		};
		829688C22143CF750063B7C4 /* Sources */ = {
			isa = PBXSourcesBuildPhase;
			buildActionMask = 2147483647;
			files = (
				829688CB2143CF750063B7C4 /* VolumioAlbumsUITests.swift in Sources */,
			);
			runOnlyForDeploymentPostprocessing = 0;
		};
/* End PBXSourcesBuildPhase section */

/* Begin PBXTargetDependency section */
		829688BD2143CF750063B7C4 /* PBXTargetDependency */ = {
			isa = PBXTargetDependency;
			target = 829688A62143CF740063B7C4 /* VolumioAlbums */;
			targetProxy = 829688BC2143CF750063B7C4 /* PBXContainerItemProxy */;
		};
		829688C82143CF750063B7C4 /* PBXTargetDependency */ = {
			isa = PBXTargetDependency;
			target = 829688A62143CF740063B7C4 /* VolumioAlbums */;
			targetProxy = 829688C72143CF750063B7C4 /* PBXContainerItemProxy */;
		};
/* End PBXTargetDependency section */

/* Begin PBXVariantGroup section */
		829688AE2143CF740063B7C4 /* Main.storyboard */ = {
			isa = PBXVariantGroup;
			children = (
				829688AF2143CF740063B7C4 /* Base */,
			);
			name = Main.storyboard;
			sourceTree = "<group>";
		};
		829688B32143CF750063B7C4 /* LaunchScreen.storyboard */ = {
			isa = PBXVariantGroup;
			children = (
				829688B42143CF750063B7C4 /* Base */,
			);
			name = LaunchScreen.storyboard;
			sourceTree = "<group>";
		};
		8D038E3E2154B82C003ECE53 /* Localizable.strings */ = {
			isa = PBXVariantGroup;
			children = (
				8D038E3D2154B82C003ECE53 /* en */,
			);
			name = Localizable.strings;
			sourceTree = "<group>";
		};
/* End PBXVariantGroup section */

/* Begin XCBuildConfiguration section */
		829688CD2143CF750063B7C4 /* Debug */ = {
			isa = XCBuildConfiguration;
			buildSettings = {
				ALWAYS_SEARCH_USER_PATHS = NO;
				CLANG_ANALYZER_NONNULL = YES;
				CLANG_ANALYZER_NUMBER_OBJECT_CONVERSION = YES_AGGRESSIVE;
				CLANG_CXX_LANGUAGE_STANDARD = "gnu++14";
				CLANG_CXX_LIBRARY = "libc++";
				CLANG_ENABLE_MODULES = YES;
				CLANG_ENABLE_OBJC_ARC = YES;
				CLANG_ENABLE_OBJC_WEAK = YES;
				CLANG_WARN_BLOCK_CAPTURE_AUTORELEASING = YES;
				CLANG_WARN_BOOL_CONVERSION = YES;
				CLANG_WARN_COMMA = YES;
				CLANG_WARN_CONSTANT_CONVERSION = YES;
				CLANG_WARN_DEPRECATED_OBJC_IMPLEMENTATIONS = YES;
				CLANG_WARN_DIRECT_OBJC_ISA_USAGE = YES_ERROR;
				CLANG_WARN_DOCUMENTATION_COMMENTS = YES;
				CLANG_WARN_EMPTY_BODY = YES;
				CLANG_WARN_ENUM_CONVERSION = YES;
				CLANG_WARN_INFINITE_RECURSION = YES;
				CLANG_WARN_INT_CONVERSION = YES;
				CLANG_WARN_NON_LITERAL_NULL_CONVERSION = YES;
				CLANG_WARN_OBJC_IMPLICIT_RETAIN_SELF = YES;
				CLANG_WARN_OBJC_LITERAL_CONVERSION = YES;
				CLANG_WARN_OBJC_ROOT_CLASS = YES_ERROR;
				CLANG_WARN_RANGE_LOOP_ANALYSIS = YES;
				CLANG_WARN_STRICT_PROTOTYPES = YES;
				CLANG_WARN_SUSPICIOUS_MOVE = YES;
				CLANG_WARN_UNGUARDED_AVAILABILITY = YES_AGGRESSIVE;
				CLANG_WARN_UNREACHABLE_CODE = YES;
				CLANG_WARN__DUPLICATE_METHOD_MATCH = YES;
				CODE_SIGN_IDENTITY = "iPhone Developer";
				COPY_PHASE_STRIP = NO;
				DEBUG_INFORMATION_FORMAT = dwarf;
				ENABLE_STRICT_OBJC_MSGSEND = YES;
				ENABLE_TESTABILITY = YES;
				GCC_C_LANGUAGE_STANDARD = gnu11;
				GCC_DYNAMIC_NO_PIC = NO;
				GCC_NO_COMMON_BLOCKS = YES;
				GCC_OPTIMIZATION_LEVEL = 0;
				GCC_PREPROCESSOR_DEFINITIONS = (
					"DEBUG=1",
					"$(inherited)",
				);
				GCC_WARN_64_TO_32_BIT_CONVERSION = YES;
				GCC_WARN_ABOUT_RETURN_TYPE = YES_ERROR;
				GCC_WARN_UNDECLARED_SELECTOR = YES;
				GCC_WARN_UNINITIALIZED_AUTOS = YES_AGGRESSIVE;
				GCC_WARN_UNUSED_FUNCTION = YES;
				GCC_WARN_UNUSED_VARIABLE = YES;
				IPHONEOS_DEPLOYMENT_TARGET = 11.4;
				MTL_ENABLE_DEBUG_INFO = YES;
				ONLY_ACTIVE_ARCH = YES;
				SDKROOT = iphoneos;
				SWIFT_ACTIVE_COMPILATION_CONDITIONS = DEBUG;
				SWIFT_OPTIMIZATION_LEVEL = "-Onone";
			};
			name = Debug;
		};
		829688CE2143CF750063B7C4 /* Release */ = {
			isa = XCBuildConfiguration;
			buildSettings = {
				ALWAYS_SEARCH_USER_PATHS = NO;
				CLANG_ANALYZER_NONNULL = YES;
				CLANG_ANALYZER_NUMBER_OBJECT_CONVERSION = YES_AGGRESSIVE;
				CLANG_CXX_LANGUAGE_STANDARD = "gnu++14";
				CLANG_CXX_LIBRARY = "libc++";
				CLANG_ENABLE_MODULES = YES;
				CLANG_ENABLE_OBJC_ARC = YES;
				CLANG_ENABLE_OBJC_WEAK = YES;
				CLANG_WARN_BLOCK_CAPTURE_AUTORELEASING = YES;
				CLANG_WARN_BOOL_CONVERSION = YES;
				CLANG_WARN_COMMA = YES;
				CLANG_WARN_CONSTANT_CONVERSION = YES;
				CLANG_WARN_DEPRECATED_OBJC_IMPLEMENTATIONS = YES;
				CLANG_WARN_DIRECT_OBJC_ISA_USAGE = YES_ERROR;
				CLANG_WARN_DOCUMENTATION_COMMENTS = YES;
				CLANG_WARN_EMPTY_BODY = YES;
				CLANG_WARN_ENUM_CONVERSION = YES;
				CLANG_WARN_INFINITE_RECURSION = YES;
				CLANG_WARN_INT_CONVERSION = YES;
				CLANG_WARN_NON_LITERAL_NULL_CONVERSION = YES;
				CLANG_WARN_OBJC_IMPLICIT_RETAIN_SELF = YES;
				CLANG_WARN_OBJC_LITERAL_CONVERSION = YES;
				CLANG_WARN_OBJC_ROOT_CLASS = YES_ERROR;
				CLANG_WARN_RANGE_LOOP_ANALYSIS = YES;
				CLANG_WARN_STRICT_PROTOTYPES = YES;
				CLANG_WARN_SUSPICIOUS_MOVE = YES;
				CLANG_WARN_UNGUARDED_AVAILABILITY = YES_AGGRESSIVE;
				CLANG_WARN_UNREACHABLE_CODE = YES;
				CLANG_WARN__DUPLICATE_METHOD_MATCH = YES;
				CODE_SIGN_IDENTITY = "iPhone Developer";
				COPY_PHASE_STRIP = NO;
				DEBUG_INFORMATION_FORMAT = "dwarf-with-dsym";
				ENABLE_NS_ASSERTIONS = NO;
				ENABLE_STRICT_OBJC_MSGSEND = YES;
				GCC_C_LANGUAGE_STANDARD = gnu11;
				GCC_NO_COMMON_BLOCKS = YES;
				GCC_WARN_64_TO_32_BIT_CONVERSION = YES;
				GCC_WARN_ABOUT_RETURN_TYPE = YES_ERROR;
				GCC_WARN_UNDECLARED_SELECTOR = YES;
				GCC_WARN_UNINITIALIZED_AUTOS = YES_AGGRESSIVE;
				GCC_WARN_UNUSED_FUNCTION = YES;
				GCC_WARN_UNUSED_VARIABLE = YES;
				IPHONEOS_DEPLOYMENT_TARGET = 11.4;
				MTL_ENABLE_DEBUG_INFO = NO;
				SDKROOT = iphoneos;
				SWIFT_COMPILATION_MODE = wholemodule;
				SWIFT_OPTIMIZATION_LEVEL = "-O";
				VALIDATE_PRODUCT = YES;
			};
			name = Release;
		};
		829688D02143CF750063B7C4 /* Debug */ = {
			isa = XCBuildConfiguration;
			baseConfigurationReference = ECA65154FE5D148C811A064B /* Pods-VolumioAlbums.debug.xcconfig */;
			buildSettings = {
				ASSETCATALOG_COMPILER_APPICON_NAME = AppIcon;
				CODE_SIGN_STYLE = Automatic;
				INFOPLIST_FILE = VolumioAlbums/Info.plist;
				LD_RUNPATH_SEARCH_PATHS = (
					"$(inherited)",
					"@executable_path/Frameworks",
				);
				PRODUCT_BUNDLE_IDENTIFIER = sc.VolumioAlbums;
				PRODUCT_NAME = "$(TARGET_NAME)";
				SWIFT_VERSION = 4.2;
				TARGETED_DEVICE_FAMILY = "1,2";
			};
			name = Debug;
		};
		829688D12143CF750063B7C4 /* Release */ = {
			isa = XCBuildConfiguration;
			baseConfigurationReference = C22798E25A96E31571B4D488 /* Pods-VolumioAlbums.release.xcconfig */;
			buildSettings = {
				ASSETCATALOG_COMPILER_APPICON_NAME = AppIcon;
				CODE_SIGN_STYLE = Automatic;
				INFOPLIST_FILE = VolumioAlbums/Info.plist;
				LD_RUNPATH_SEARCH_PATHS = (
					"$(inherited)",
					"@executable_path/Frameworks",
				);
				PRODUCT_BUNDLE_IDENTIFIER = sc.VolumioAlbums;
				PRODUCT_NAME = "$(TARGET_NAME)";
				SWIFT_VERSION = 4.2;
				TARGETED_DEVICE_FAMILY = "1,2";
			};
			name = Release;
		};
		829688D32143CF750063B7C4 /* Debug */ = {
			isa = XCBuildConfiguration;
			buildSettings = {
				ALWAYS_EMBED_SWIFT_STANDARD_LIBRARIES = YES;
				BUNDLE_LOADER = "$(TEST_HOST)";
				CODE_SIGN_STYLE = Automatic;
				INFOPLIST_FILE = VolumioAlbumsTests/Info.plist;
				LD_RUNPATH_SEARCH_PATHS = (
					"$(inherited)",
					"@executable_path/Frameworks",
					"@loader_path/Frameworks",
				);
				PRODUCT_BUNDLE_IDENTIFIER = sc.VolumioAlbumsTests;
				PRODUCT_NAME = "$(TARGET_NAME)";
				SWIFT_VERSION = 4.2;
				TARGETED_DEVICE_FAMILY = "1,2";
				TEST_HOST = "$(BUILT_PRODUCTS_DIR)/VolumioAlbums.app/VolumioAlbums";
			};
			name = Debug;
		};
		829688D42143CF750063B7C4 /* Release */ = {
			isa = XCBuildConfiguration;
			buildSettings = {
				ALWAYS_EMBED_SWIFT_STANDARD_LIBRARIES = YES;
				BUNDLE_LOADER = "$(TEST_HOST)";
				CODE_SIGN_STYLE = Automatic;
				INFOPLIST_FILE = VolumioAlbumsTests/Info.plist;
				LD_RUNPATH_SEARCH_PATHS = (
					"$(inherited)",
					"@executable_path/Frameworks",
					"@loader_path/Frameworks",
				);
				PRODUCT_BUNDLE_IDENTIFIER = sc.VolumioAlbumsTests;
				PRODUCT_NAME = "$(TARGET_NAME)";
				SWIFT_VERSION = 4.2;
				TARGETED_DEVICE_FAMILY = "1,2";
				TEST_HOST = "$(BUILT_PRODUCTS_DIR)/VolumioAlbums.app/VolumioAlbums";
			};
			name = Release;
		};
		829688D62143CF750063B7C4 /* Debug */ = {
			isa = XCBuildConfiguration;
			buildSettings = {
				ALWAYS_EMBED_SWIFT_STANDARD_LIBRARIES = YES;
				CODE_SIGN_STYLE = Automatic;
				INFOPLIST_FILE = VolumioAlbumsUITests/Info.plist;
				LD_RUNPATH_SEARCH_PATHS = (
					"$(inherited)",
					"@executable_path/Frameworks",
					"@loader_path/Frameworks",
				);
				PRODUCT_BUNDLE_IDENTIFIER = sc.VolumioAlbumsUITests;
				PRODUCT_NAME = "$(TARGET_NAME)";
				SWIFT_VERSION = 4.2;
				TARGETED_DEVICE_FAMILY = "1,2";
				TEST_TARGET_NAME = VolumioAlbums;
			};
			name = Debug;
		};
		829688D72143CF750063B7C4 /* Release */ = {
			isa = XCBuildConfiguration;
			buildSettings = {
				ALWAYS_EMBED_SWIFT_STANDARD_LIBRARIES = YES;
				CODE_SIGN_STYLE = Automatic;
				INFOPLIST_FILE = VolumioAlbumsUITests/Info.plist;
				LD_RUNPATH_SEARCH_PATHS = (
					"$(inherited)",
					"@executable_path/Frameworks",
					"@loader_path/Frameworks",
				);
				PRODUCT_BUNDLE_IDENTIFIER = sc.VolumioAlbumsUITests;
				PRODUCT_NAME = "$(TARGET_NAME)";
				SWIFT_VERSION = 4.2;
				TARGETED_DEVICE_FAMILY = "1,2";
				TEST_TARGET_NAME = VolumioAlbums;
			};
			name = Release;
		};
/* End XCBuildConfiguration section */

/* Begin XCConfigurationList section */
		829688A22143CF740063B7C4 /* Build configuration list for PBXProject "VolumioAlbums" */ = {
			isa = XCConfigurationList;
			buildConfigurations = (
				829688CD2143CF750063B7C4 /* Debug */,
				829688CE2143CF750063B7C4 /* Release */,
			);
			defaultConfigurationIsVisible = 0;
			defaultConfigurationName = Release;
		};
		829688CF2143CF750063B7C4 /* Build configuration list for PBXNativeTarget "VolumioAlbums" */ = {
			isa = XCConfigurationList;
			buildConfigurations = (
				829688D02143CF750063B7C4 /* Debug */,
				829688D12143CF750063B7C4 /* Release */,
			);
			defaultConfigurationIsVisible = 0;
			defaultConfigurationName = Release;
		};
		829688D22143CF750063B7C4 /* Build configuration list for PBXNativeTarget "VolumioAlbumsTests" */ = {
			isa = XCConfigurationList;
			buildConfigurations = (
				829688D32143CF750063B7C4 /* Debug */,
				829688D42143CF750063B7C4 /* Release */,
			);
			defaultConfigurationIsVisible = 0;
			defaultConfigurationName = Release;
		};
		829688D52143CF750063B7C4 /* Build configuration list for PBXNativeTarget "VolumioAlbumsUITests" */ = {
			isa = XCConfigurationList;
			buildConfigurations = (
				829688D62143CF750063B7C4 /* Debug */,
				829688D72143CF750063B7C4 /* Release */,
			);
			defaultConfigurationIsVisible = 0;
			defaultConfigurationName = Release;
		};
/* End XCConfigurationList section */
	};
	rootObject = 8296889F2143CF740063B7C4 /* Project object */;
}
